<?xml version="1.0" encoding="utf-8"?>
<Project ToolsVersion="4.0" xmlns="http://schemas.microsoft.com/developer/msbuild/2003">
  <ItemGroup>
    <ClInclude Include="include\cmd_adapter.h" />
    <ClInclude Include="include\cmd_handler.h" />
    <ClInclude Include="include\entity.h" />
    <ClInclude Include="include\system.h" />
    <ClInclude Include="include\world.h" />
    <ClInclude Include="third\rapidjson\error\en.h" />
    <ClInclude Include="third\rapidjson\error\error.h" />
    <ClInclude Include="third\rapidjson\internal\biginteger.h" />
    <ClInclude Include="third\rapidjson\internal\diyfp.h" />
    <ClInclude Include="third\rapidjson\internal\dtoa.h" />
    <ClInclude Include="third\rapidjson\internal\ieee754.h" />
    <ClInclude Include="third\rapidjson\internal\itoa.h" />
    <ClInclude Include="third\rapidjson\internal\meta.h" />
    <ClInclude Include="third\rapidjson\internal\pow10.h" />
    <ClInclude Include="third\rapidjson\internal\regex.h" />
    <ClInclude Include="third\rapidjson\internal\stack.h" />
    <ClInclude Include="third\rapidjson\internal\strfunc.h" />
    <ClInclude Include="third\rapidjson\internal\strtod.h" />
    <ClInclude Include="third\rapidjson\internal\swap.h" />
    <ClInclude Include="third\rapidjson\msinttypes\inttypes.h" />
    <ClInclude Include="third\rapidjson\msinttypes\stdint.h" />
    <ClInclude Include="third\rapidjson\allocators.h" />
    <ClInclude Include="third\rapidjson\cursorstreamwrapper.h" />
    <ClInclude Include="third\rapidjson\document.h" />
    <ClInclude Include="third\rapidjson\encodedstream.h" />
    <ClInclude Include="third\rapidjson\encodings.h" />
    <ClInclude Include="third\rapidjson\filereadstream.h" />
    <ClInclude Include="third\rapidjson\filewritestream.h" />
    <ClInclude Include="third\rapidjson\fwd.h" />
    <ClInclude Include="third\rapidjson\istreamwrapper.h" />
    <ClInclude Include="third\rapidjson\memorybuffer.h" />
    <ClInclude Include="third\rapidjson\memorystream.h" />
    <ClInclude Include="third\rapidjson\ostreamwrapper.h" />
    <ClInclude Include="third\rapidjson\pointer.h" />
    <ClInclude Include="third\rapidjson\prettywriter.h" />
    <ClInclude Include="third\rapidjson\rapidjson.h" />
    <ClInclude Include="third\rapidjson\reader.h" />
    <ClInclude Include="third\rapidjson\schema.h" />
    <ClInclude Include="third\rapidjson\stream.h" />
    <ClInclude Include="third\rapidjson\stringbuffer.h" />
    <ClInclude Include="third\rapidjson\writer.h" />
    <ClInclude Include="wrapper\wrapper_define.h" />
    <ClInclude Include="include\controller.h" />
    <ClInclude Include="include\data.h" />
    <ClInclude Include="include\component.h" />
    <ClInclude Include="third\behaviac\src\agent\propertynode.h" />
    <ClInclude Include="third\behaviac\src\common\file\listfiles.h" />
    <ClInclude Include="include\skill.h" />
    <ClInclude Include="include\component\ai_component.h" />
    <ClInclude Include="include\component\skill_component.h" />
    <ClInclude Include="include\system\skill_system.h" />
    <ClInclude Include="include\system\ai_system.h" />
    <ClInclude Include="include\behavour\behaviac_generated\types\internal\AIAgent.h" />
    <ClInclude Include="include\behavour\behaviac_generated\types\internal\behaviac_agent_headers.h" />
    <ClInclude Include="include\behavour\behaviac_generated\types\internal\behaviac_agent_member_visitor.h" />
    <ClInclude Include="include\behavour\behaviac_generated\types\internal\behaviac_agent_meta.h" />
    <ClInclude Include="include\behavour\behaviac_generated\types\internal\behaviac_headers.h" />
    <ClInclude Include="include\behavour\behaviac_generated\types\behaviac_types.h" />
    <ClInclude Include="include\be_file_manager.h" />
    <ClInclude Include="include\be_file.h" />
    <ClInclude Include="include\cmd_handlers.h" />
    <ClInclude Include="include\math\crandom.h" />
    <ClInclude Include="include\system\hit_system.h" />
    <ClInclude Include="include\component\hit_component.h" />
    <ClInclude Include="include\animation.h" />
    <ClInclude Include="include\animaton_event.h" />
    <ClInclude Include="include\animation_event_factory.h" />
    <ClInclude Include="include\animation_event\hit_animation_event.h" />
    <ClInclude Include="include\base_animation_event_creator.h" />
    <ClInclude Include="include\system_factory.h" />
    <ClInclude Include="include\config\i_config.h" />
    <ClInclude Include="include\config_manager.h" />
    <ClInclude Include="include\system\h_move_system.h" />
    <ClInclude Include="include\component\h_move_component.h" />
    <ClInclude Include="include\config\ani_config.h" />
    <ClInclude Include="include\creator\cmd_creater.h" />
    <ClInclude Include="include\creator\config_creator.h" />
    <ClInclude Include="include\creator\system_creator.h" />
    <ClInclude Include="include\creator\animation_event_creator.h" />
    <ClInclude Include="include\utility.h" />
    <ClInclude Include="include\lockstep.h" />
    <ClInclude Include="include\moudle\physix\physix.h" />
    <ClInclude Include="include\moudle\physix\collider.h" />
    <ClInclude Include="include\moudle\physix\collider2d.h" />
    <ClInclude Include="include\component\collider2d_component.h" />
    <ClInclude Include="include\system\collider2d_system.h" />
    <ClInclude Include="include\math\rect.h" />
  </ItemGroup>
  <ItemGroup>
    <ClCompile Include="src\entity.cpp" />
    <ClCompile Include="src\system.cpp" />
    <ClCompile Include="src\world.cpp" />
    <ClCompile Include="wrapper\world_wrapper.cpp" />
    <ClCompile Include="src\cmd_adapter.cpp" />
    <ClCompile Include="src\controller.cpp" />
    <ClCompile Include="wrapper\controller_wrapper.cpp" />
    <ClCompile Include="wrapper\entity_wrapper.cpp" />
    <ClCompile Include="src\command\h_move_cmd_handler.cpp" />
    <ClCompile Include="src\command\use_skill_cmd_handler.cpp" />
    <ClCompile Include="src\system\skill_system.cpp" />
    <ClCompile Include="src\Component\skill_component.cpp" />
    <ClCompile Include="src\command\v_move_cmd_handler.cpp" />
    <ClCompile Include="src\component.cpp" />
    <ClCompile Include="src\system\ai_system.cpp" />
    <ClCompile Include="third\behaviac\src\agent\agent.cpp" />
    <ClCompile Include="third\behaviac\src\agent\context.cpp" />
    <ClCompile Include="third\behaviac\src\agent\namedevent.cpp" />
    <ClCompile Include="third\behaviac\src\agent\propertynode.cpp" />
    <ClCompile Include="third\behaviac\src\agent\state_t.cpp" />
    <ClCompile Include="third\behaviac\src\agent\taskmethod.cpp" />
    <ClCompile Include="third\behaviac\src\behaviortree\attachments\attachaction.cpp" />
    <ClCompile Include="third\behaviac\src\behaviortree\attachments\Effector.cpp" />
    <ClCompile Include="third\behaviac\src\behaviortree\attachments\event.cpp" />
    <ClCompile Include="third\behaviac\src\behaviortree\attachments\Precondition.cpp" />
    <ClCompile Include="third\behaviac\src\behaviortree\nodes\actions\action.cpp" />
    <ClCompile Include="third\behaviac\src\behaviortree\nodes\actions\assignment.cpp" />
    <ClCompile Include="third\behaviac\src\behaviortree\nodes\actions\compute.cpp" />
    <ClCompile Include="third\behaviac\src\behaviortree\nodes\actions\end.cpp" />
    <ClCompile Include="third\behaviac\src\behaviortree\nodes\actions\noop.cpp" />
    <ClCompile Include="third\behaviac\src\behaviortree\nodes\actions\wait.cpp" />
    <ClCompile Include="third\behaviac\src\behaviortree\nodes\actions\waitforsignal.cpp" />
    <ClCompile Include="third\behaviac\src\behaviortree\nodes\actions\waitframes.cpp" />
    <ClCompile Include="third\behaviac\src\behaviortree\nodes\composites\compositestochastic.cpp" />
    <ClCompile Include="third\behaviac\src\behaviortree\nodes\composites\ifelse.cpp" />
    <ClCompile Include="third\behaviac\src\behaviortree\nodes\composites\parallel.cpp" />
    <ClCompile Include="third\behaviac\src\behaviortree\nodes\composites\referencebehavior.cpp" />
    <ClCompile Include="third\behaviac\src\behaviortree\nodes\composites\selector.cpp" />
    <ClCompile Include="third\behaviac\src\behaviortree\nodes\composites\selectorloop.cpp" />
    <ClCompile Include="third\behaviac\src\behaviortree\nodes\composites\selectorprobability.cpp" />
    <ClCompile Include="third\behaviac\src\behaviortree\nodes\composites\selectorstochastic.cpp" />
    <ClCompile Include="third\behaviac\src\behaviortree\nodes\composites\sequence.cpp" />
    <ClCompile Include="third\behaviac\src\behaviortree\nodes\composites\sequencestochastic.cpp" />
    <ClCompile Include="third\behaviac\src\behaviortree\nodes\composites\withprecondition.cpp" />
    <ClCompile Include="third\behaviac\src\behaviortree\nodes\conditions\and.cpp" />
    <ClCompile Include="third\behaviac\src\behaviortree\nodes\conditions\condition.cpp" />
    <ClCompile Include="third\behaviac\src\behaviortree\nodes\conditions\conditionbase.cpp" />
    <ClCompile Include="third\behaviac\src\behaviortree\nodes\conditions\false.cpp" />
    <ClCompile Include="third\behaviac\src\behaviortree\nodes\conditions\or.cpp" />
    <ClCompile Include="third\behaviac\src\behaviortree\nodes\conditions\true.cpp" />
    <ClCompile Include="third\behaviac\src\behaviortree\nodes\decorators\decoratoralwaysfailure.cpp" />
    <ClCompile Include="third\behaviac\src\behaviortree\nodes\decorators\decoratoralwaysrunning.cpp" />
    <ClCompile Include="third\behaviac\src\behaviortree\nodes\decorators\decoratoralwayssuccess.cpp" />
    <ClCompile Include="third\behaviac\src\behaviortree\nodes\decorators\decoratorcount.cpp" />
    <ClCompile Include="third\behaviac\src\behaviortree\nodes\decorators\decoratorcountlimit.cpp" />
    <ClCompile Include="third\behaviac\src\behaviortree\nodes\decorators\decoratorfailureuntil.cpp" />
    <ClCompile Include="third\behaviac\src\behaviortree\nodes\decorators\decoratorframes.cpp" />
    <ClCompile Include="third\behaviac\src\behaviortree\nodes\decorators\decoratoriterator.cpp" />
    <ClCompile Include="third\behaviac\src\behaviortree\nodes\decorators\decoratorlog.cpp" />
    <ClCompile Include="third\behaviac\src\behaviortree\nodes\decorators\decoratorloop.cpp" />
    <ClCompile Include="third\behaviac\src\behaviortree\nodes\decorators\decoratorloopuntil.cpp" />
    <ClCompile Include="third\behaviac\src\behaviortree\nodes\decorators\decoratornot.cpp" />
    <ClCompile Include="third\behaviac\src\behaviortree\nodes\decorators\decoratorrepeat.cpp" />
    <ClCompile Include="third\behaviac\src\behaviortree\nodes\decorators\decoratorsuccessuntil.cpp" />
    <ClCompile Include="third\behaviac\src\behaviortree\nodes\decorators\decoratortime.cpp" />
    <ClCompile Include="third\behaviac\src\behaviortree\nodes\decorators\decoratorweight.cpp" />
    <ClCompile Include="third\behaviac\src\behaviortree\behaviortree.cpp" />
    <ClCompile Include="third\behaviac\src\behaviortree\behaviortree_task.cpp" />
    <ClCompile Include="third\behaviac\src\behaviortree\registernodes.cpp" />
    <ClCompile Include="third\behaviac\src\common\file\file.cpp" />
    <ClCompile Include="third\behaviac\src\common\file\filemanager.cpp" />
    <ClCompile Include="third\behaviac\src\common\file\filesystem_gcc.cpp" />
    <ClCompile Include="third\behaviac\src\common\file\filesystem_vcc.cpp" />
    <ClCompile Include="third\behaviac\src\common\file\listfiles.cpp" />
    <ClCompile Include="third\behaviac\src\common\logger\logger.cpp" />
    <ClCompile Include="third\behaviac\src\common\logger\logmanager.cpp" />
    <ClCompile Include="third\behaviac\src\common\memory\memory.cpp" />
    <ClCompile Include="third\behaviac\src\common\object\tagobject.cpp" />
    <ClCompile Include="third\behaviac\src\common\profiler\profiler.cpp" />
    <ClCompile Include="third\behaviac\src\common\randomgenerator\randomgenerator.cpp" />
    <ClCompile Include="third\behaviac\src\common\serialization\textnode.cpp" />
    <ClCompile Include="third\behaviac\src\common\socket\defaultsocketwrapper_gcc.cpp" />
    <ClCompile Include="third\behaviac\src\common\socket\defaultsocketwrapper_vcc.cpp" />
    <ClCompile Include="third\behaviac\src\common\socket\socketconnect.cpp" />
    <ClCompile Include="third\behaviac\src\common\socket\socketconnect_base.cpp" />
    <ClCompile Include="third\behaviac\src\common\string\stringcrc.cpp" />
    <ClCompile Include="third\behaviac\src\common\string\stringutils.cpp" />
    <ClCompile Include="third\behaviac\src\common\thread\mutex_gcc.cpp" />
    <ClCompile Include="third\behaviac\src\common\thread\mutex_vcc.cpp" />
    <ClCompile Include="third\behaviac\src\common\thread\wrapper.cpp" />
    <ClCompile Include="third\behaviac\src\common\thread\wrapper_gcc.cpp" />
    <ClCompile Include="third\behaviac\src\common\thread\wrapper_vcc.cpp" />
    <ClCompile Include="third\behaviac\src\common\xml\xml.cpp" />
    <ClCompile Include="third\behaviac\src\common\xml\xmlanalyzer.cpp" />
    <ClCompile Include="third\behaviac\src\common\assert.cpp" />
    <ClCompile Include="third\behaviac\src\common\base.cpp" />
    <ClCompile Include="third\behaviac\src\common\convertutf.cpp" />
    <ClCompile Include="third\behaviac\src\common\crc.cpp" />
    <ClCompile Include="third\behaviac\src\common\factory.cpp" />
    <ClCompile Include="third\behaviac\src\common\meta.cpp" />
    <ClCompile Include="third\behaviac\src\common\operation.cpp" />
    <ClCompile Include="third\behaviac\src\common\rttibase.cpp" />
    <ClCompile Include="third\behaviac\src\common\system_gcc.cpp" />
    <ClCompile Include="third\behaviac\src\common\system_vcc.cpp" />
    <ClCompile Include="third\behaviac\src\common\workspace.cpp" />
    <ClCompile Include="third\behaviac\src\fsm\alwaystransition.cpp" />
    <ClCompile Include="third\behaviac\src\fsm\fsm.cpp" />
    <ClCompile Include="third\behaviac\src\fsm\fsmstate.cpp" />
    <ClCompile Include="third\behaviac\src\fsm\startcondition.cpp" />
    <ClCompile Include="third\behaviac\src\fsm\transitioncondition.cpp" />
    <ClCompile Include="third\behaviac\src\fsm\waitframesstate.cpp" />
    <ClCompile Include="third\behaviac\src\fsm\waitstate.cpp" />
    <ClCompile Include="third\behaviac\src\fsm\waittransition.cpp" />
    <ClCompile Include="third\behaviac\src\htn\agentproperties.cpp" />
    <ClCompile Include="third\behaviac\src\htn\agentstate.cpp" />
    <ClCompile Include="third\behaviac\src\htn\htnmethod.cpp" />
    <ClCompile Include="third\behaviac\src\htn\planner.cpp" />
    <ClCompile Include="third\behaviac\src\htn\plannertask.cpp" />
    <ClCompile Include="third\behaviac\src\htn\task.cpp" />
    <ClCompile Include="third\behaviac\src\network\network.cpp" />
    <ClCompile Include="third\behaviac\src\property\properties.cpp" />
    <ClCompile Include="third\behaviac\src\property\property.cpp" />
    <ClCompile Include="include\behavour\behaviac_generated\types\internal\AIAgent.cpp" />
    <ClCompile Include="include\behavour\behaviac_generated\types\internal\behaviac_agent_meta.cpp" />
    <ClCompile Include="src\be_file_manager.cpp" />
    <ClCompile Include="src\be_file.cpp" />
    <ClCompile Include="src\component\ai_component.cpp" />
    <ClCompile Include="src\math\crandom.cpp" />
    <ClCompile Include="src\component\hit_component.cpp" />
    <ClCompile Include="src\system\hit_system.cpp" />
    <ClCompile Include="src\math\rect.cpp" />
    <ClCompile Include="src\skill.cpp" />
    <ClCompile Include="src\animation.cpp" />
    <ClCompile Include="src\animation_event_factory.cpp" />
    <ClCompile Include="src\animaton_event\hit_animation_event.cpp" />
    <ClCompile Include="src\base_animation_event_creator.cpp" />
    <ClCompile Include="src\system_factory.cpp" />
    <ClCompile Include="src\config_manager.cpp" />
    <ClCompile Include="wrapper\config_manager_wrapper.cpp" />
    <ClCompile Include="src\component\h_move_component.cpp" />
    <ClCompile Include="src\system\h_move_system.cpp" />
    <ClCompile Include="src\config\ani_config.cpp" />
    <ClCompile Include="src\utility.cpp" />
    <ClCompile Include="src\moudle\physix\physix.cpp" />
    <ClCompile Include="src\moudle\physix\collider.cpp" />
    <ClCompile Include="src\moudle\physix\collider2d.cpp" />
    <ClCompile Include="src\component\collider2d_component.cpp" />
    <ClCompile Include="src\system\collider2d_system.cpp" />
  </ItemGroup>
</Project>